
Microsoft Visual Studio Solution File, Format Version 12.00
# Visual Studio Version 17
VisualStudioVersion = 17.9.34607.119
MinimumVisualStudioVersion = 10.0.40219.1
Project("{FAE04EC0-301F-11D3-BF4B-00C04F79EFBC}") = "BugAndFix_Concurrency_Sample", "BugAndFix_Concurrency_Sample.csproj", "{DB029D46-4120-4C9A-B52A-A90524B77625}"
EndProject
Global
	GlobalSection(SolutionConfigurationPlatforms) = preSolution
		Debug|Any CPU = Debug|Any CPU
		Release|Any CPU = Release|Any CPU
	EndGlobalSection
	GlobalSection(ProjectConfigurationPlatforms) = postSolution
		{DB029D46-4120-4C9A-B52A-A90524B77625}.Debug|Any CPU.ActiveCfg = Debug|Any CPU
		{DB029D46-4120-4C9A-B52A-A90524B77625}.Debug|Any CPU.Build.0 = Debug|Any CPU
		{DB029D46-4120-4C9A-B52A-A90524B77625}.Release|Any CPU.ActiveCfg = Release|Any CPU
		{DB029D46-4120-4C9A-B52A-A90524B77625}.Release|Any CPU.Build.0 = Release|Any CPU
	EndGlobalSection
	GlobalSection(SolutionProperties) = preSolution
		HideSolutionNode = FALSE
	EndGlobalSection
	GlobalSection(ExtensibilityGlobals) = postSolution
		SolutionGuid = {A1E07073-2F28-4F27-92EC-FF17FFB4FA14}
	EndGlobalSection
EndGlobal
